
Microsoft Visual Studio Solution File, Format Version 12.00
# Visual Studio Version 16
VisualStudioVersion = 16.0.29709.97
MinimumVisualStudioVersion = 10.0.40219.1
Project("{9A19103F-16F7-4668-BE54-9A1E7A4F7556}") = "RadioClasses", "ClassesApp\RadioClasses.csproj", "{C56360B3-BF4C-4986-A887-68B18D66C81D}"
EndProject
Project("{9A19103F-16F7-4668-BE54-9A1E7A4F7556}") = "UnitTests", "ClassesTests\UnitTests.csproj", "{53C52DA1-325B-4599-91CA-B5E769FE3E95}"
EndProject
Project("{9A19103F-16F7-4668-BE54-9A1E7A4F7556}") = "RadioGui", "RadioGui\RadioGui.csproj", "{03DB45C6-CBB5-42D6-A940-A20EC58A0989}"
EndProject
Global
	GlobalSection(SolutionConfigurationPlatforms) = preSolution
		Debug|Any CPU = Debug|Any CPU
		Release|Any CPU = Release|Any CPU
	EndGlobalSection
	GlobalSection(ProjectConfigurationPlatforms) = postSolution
		{C56360B3-BF4C-4986-A887-68B18D66C81D}.Debug|Any CPU.ActiveCfg = Debug|Any CPU
		{C56360B3-BF4C-4986-A887-68B18D66C81D}.Debug|Any CPU.Build.0 = Debug|Any CPU
		{C56360B3-BF4C-4986-A887-68B18D66C81D}.Release|Any CPU.ActiveCfg = Release|Any CPU
		{C56360B3-BF4C-4986-A887-68B18D66C81D}.Release|Any CPU.Build.0 = Release|Any CPU
		{53C52DA1-325B-4599-91CA-B5E769FE3E95}.Debug|Any CPU.ActiveCfg = Debug|Any CPU
		{53C52DA1-325B-4599-91CA-B5E769FE3E95}.Debug|Any CPU.Build.0 = Debug|Any CPU
		{53C52DA1-325B-4599-91CA-B5E769FE3E95}.Release|Any CPU.ActiveCfg = Release|Any CPU
		{53C52DA1-325B-4599-91CA-B5E769FE3E95}.Release|Any CPU.Build.0 = Release|Any CPU
		{03DB45C6-CBB5-42D6-A940-A20EC58A0989}.Debug|Any CPU.ActiveCfg = Debug|Any CPU
		{03DB45C6-CBB5-42D6-A940-A20EC58A0989}.Debug|Any CPU.Build.0 = Debug|Any CPU
		{03DB45C6-CBB5-42D6-A940-A20EC58A0989}.Release|Any CPU.ActiveCfg = Release|Any CPU
		{03DB45C6-CBB5-42D6-A940-A20EC58A0989}.Release|Any CPU.Build.0 = Release|Any CPU
	EndGlobalSection
	GlobalSection(SolutionProperties) = preSolution
		HideSolutionNode = FALSE
	EndGlobalSection
	GlobalSection(ExtensibilityGlobals) = postSolution
		SolutionGuid = {214DED44-C94C-4B13-B616-AEE822968BDB}
	EndGlobalSection
EndGlobal
